
Microsoft Visual Studio Solution File, Format Version 12.00
# Visual Studio Version 17
VisualStudioVersion = 17.5.002.0
MinimumVisualStudioVersion = 10.0.40219.1
Project("{2150E333-8FDC-42A3-9474-1A3956D46DE8}") = "backend", "backend", "{9380D3F2-8D5B-4651-A708-149F7ABEF1E2}"
EndProject
Project("{9A19103F-16F7-4668-BE54-9A1E7A4F7556}") = "dotnetapi", "backend\dotnetapi\dotnetapi.csproj", "{452E5216-AA57-4E52-924E-664AF2E3E8D4}"
EndProject
Global
	GlobalSection(SolutionConfigurationPlatforms) = preSolution
		Debug|Any CPU = Debug|Any CPU
		Release|Any CPU = Release|Any CPU
	EndGlobalSection
	GlobalSection(ProjectConfigurationPlatforms) = postSolution
		{452E5216-AA57-4E52-924E-664AF2E3E8D4}.Debug|Any CPU.ActiveCfg = Debug|Any CPU
		{452E5216-AA57-4E52-924E-664AF2E3E8D4}.Debug|Any CPU.Build.0 = Debug|Any CPU
		{452E5216-AA57-4E52-924E-664AF2E3E8D4}.Release|Any CPU.ActiveCfg = Release|Any CPU
		{452E5216-AA57-4E52-924E-664AF2E3E8D4}.Release|Any CPU.Build.0 = Release|Any CPU
	EndGlobalSection
	GlobalSection(SolutionProperties) = preSolution
		HideSolutionNode = FALSE
	EndGlobalSection
	GlobalSection(NestedProjects) = preSolution
		{452E5216-AA57-4E52-924E-664AF2E3E8D4} = {9380D3F2-8D5B-4651-A708-149F7ABEF1E2}
	EndGlobalSection
	GlobalSection(ExtensibilityGlobals) = postSolution
		SolutionGuid = {6CD8520A-9C77-4EFE-B606-A9EC3985C0C4}
	EndGlobalSection
EndGlobal
